
Microsoft Visual Studio Solution File, Format Version 12.00
# Visual Studio Version 17
VisualStudioVersion = 17.1.32421.90
MinimumVisualStudioVersion = 10.0.40219.1
Project("{FAE04EC0-301F-11D3-BF4B-00C04F79EFBC}") = "VictorNovember", "VictorNovember\VictorNovember.csproj", "{F086DBD0-1439-4BEF-8707-39F746761D8D}"
EndProject
Global
	GlobalSection(SolutionConfigurationPlatforms) = preSolution
		Debug|Any CPU = Debug|Any CPU
		Release|Any CPU = Release|Any CPU
	EndGlobalSection
	GlobalSection(ProjectConfigurationPlatforms) = postSolution
		{F086DBD0-1439-4BEF-8707-39F746761D8D}.Debug|Any CPU.ActiveCfg = Debug|Any CPU
		{F086DBD0-1439-4BEF-8707-39F746761D8D}.Debug|Any CPU.Build.0 = Debug|Any CPU
		{F086DBD0-1439-4BEF-8707-39F746761D8D}.Release|Any CPU.ActiveCfg = Release|Any CPU
		{F086DBD0-1439-4BEF-8707-39F746761D8D}.Release|Any CPU.Build.0 = Release|Any CPU
	EndGlobalSection
	GlobalSection(SolutionProperties) = preSolution
		HideSolutionNode = FALSE
	EndGlobalSection
	GlobalSection(ExtensibilityGlobals) = postSolution
		SolutionGuid = {2C195E9F-3CE6-4889-966B-F2A697A283B7}
	EndGlobalSection
EndGlobal
